
Microsoft Visual Studio Solution File, Format Version 12.00
# Visual Studio Version 16
VisualStudioVersion = 16.0.31729.503
MinimumVisualStudioVersion = 10.0.40219.1
Project("{FAE04EC0-301F-11D3-BF4B-00C04F79EFBC}") = "Równanie kwadratowe", "Równanie kwadratowe.csproj", "{EB94FD75-A96E-4BAE-A471-05847366EAFD}"
EndProject
Global
	GlobalSection(SolutionConfigurationPlatforms) = preSolution
		Debug|Any CPU = Debug|Any CPU
		Release|Any CPU = Release|Any CPU
	EndGlobalSection
	GlobalSection(ProjectConfigurationPlatforms) = postSolution
		{EB94FD75-A96E-4BAE-A471-05847366EAFD}.Debug|Any CPU.ActiveCfg = Debug|Any CPU
		{EB94FD75-A96E-4BAE-A471-05847366EAFD}.Debug|Any CPU.Build.0 = Debug|Any CPU
		{EB94FD75-A96E-4BAE-A471-05847366EAFD}.Release|Any CPU.ActiveCfg = Release|Any CPU
		{EB94FD75-A96E-4BAE-A471-05847366EAFD}.Release|Any CPU.Build.0 = Release|Any CPU
	EndGlobalSection
	GlobalSection(SolutionProperties) = preSolution
		HideSolutionNode = FALSE
	EndGlobalSection
	GlobalSection(ExtensibilityGlobals) = postSolution
		SolutionGuid = {92DDCA60-D67A-49C0-894D-6A46C1D2F5E0}
	EndGlobalSection
EndGlobal
